
Microsoft Visual Studio Solution File, Format Version 12.00
# Visual Studio Version 16
VisualStudioVersion = 16.0.29324.140
MinimumVisualStudioVersion = 10.0.40219.1
Project("{FAE04EC0-301F-11D3-BF4B-00C04F79EFBC}") = "LinkedList", "LinkedList\LinkedList.csproj", "{89684A2C-ED71-4B10-A98B-331CDD47BC18}"
EndProject
Global
	GlobalSection(SolutionConfigurationPlatforms) = preSolution
		Debug|Any CPU = Debug|Any CPU
		Release|Any CPU = Release|Any CPU
	EndGlobalSection
	GlobalSection(ProjectConfigurationPlatforms) = postSolution
		{89684A2C-ED71-4B10-A98B-331CDD47BC18}.Debug|Any CPU.ActiveCfg = Debug|Any CPU
		{89684A2C-ED71-4B10-A98B-331CDD47BC18}.Debug|Any CPU.Build.0 = Debug|Any CPU
		{89684A2C-ED71-4B10-A98B-331CDD47BC18}.Release|Any CPU.ActiveCfg = Release|Any CPU
		{89684A2C-ED71-4B10-A98B-331CDD47BC18}.Release|Any CPU.Build.0 = Release|Any CPU
	EndGlobalSection
	GlobalSection(SolutionProperties) = preSolution
		HideSolutionNode = FALSE
	EndGlobalSection
	GlobalSection(ExtensibilityGlobals) = postSolution
		SolutionGuid = {85BF29E1-A9E3-4FF3-B22F-2FF79022D200}
	EndGlobalSection
	GlobalSection(TeamFoundationVersionControl) = preSolution
		SccNumberOfProjects = 2
		SccEnterpriseProvider = {4CA58AB2-18FA-4F8D-95D4-32DDF27D184C}
		SccTeamFoundationServer = https://subhra2018.visualstudio.com/
		SccProjectUniqueName0 = LinkedList\\LinkedList.csproj
		SccProjectName0 = LinkedList
		SccLocalPath0 = LinkedList
		SccLocalPath1 = .
	EndGlobalSection
EndGlobal
